<?xml version="1.0" encoding="UTF-8" standalone="yes" ?>
<CodeBlocks_project_file>
	<FileVersion major="1" minor="6" />
	<Project>
		<Option title="Melody-Sigma" />
		<Option pch_mode="2" />
		<Option compiler="gcc" />
		<Build>
			<Target title="Debug">
				<Option output="bin/Debug/Melody-Sigma" prefix_auto="1" extension_auto="1" />
				<Option object_output="obj/Debug/" />
				<Option type="1" />
				<Option compiler="gcc" />
				<Compiler>
					<Add option="-g" />
					<Add directory="include" />
				</Compiler>
			</Target>
			<Target title="Release">
				<Option output="bin/Release/Melody-Sigma" prefix_auto="1" extension_auto="1" />
				<Option object_output="obj/Release/" />
				<Option type="1" />
				<Option compiler="gcc" />
				<Compiler>
					<Add option="-O2" />
					<Add directory="include" />
				</Compiler>
				<Linker>
					<Add option="-s" />
				</Linker>
			</Target>
		</Build>
		<Compiler>
			<Add option="-Wall" />
			<Add option="-fexceptions" />
		</Compiler>
		<Unit filename="include/Command.h" />
		<Unit filename="include/Complex.h" />
		<Unit filename="include/ComplexCommand.h" />
		<Unit filename="include/InsertionSort.h" />
		<Unit filename="include/LinkedList.h" />
		<Unit filename="include/Math.h" />
		<Unit filename="include/Operations.h" />
		<Unit filename="include/Poly.h" />
		<Unit filename="include/Queue.h" />
		<Unit filename="include/RealCommand.h" />
		<Unit filename="include/SelectionSort.h" />
		<Unit filename="include/TowerOfHanoi.h" />
		<Unit filename="main.cpp" />
		<Unit filename="src/Command.cpp" />
		<Unit filename="src/Complex.cpp" />
		<Unit filename="src/ComplexCommand.cpp" />
		<Unit filename="src/InsertionSort.cpp" />
		<Unit filename="src/LinkedList.cpp" />
		<Unit filename="src/Math.cpp" />
		<Unit filename="src/Operations.cpp" />
		<Unit filename="src/Poly.cpp" />
		<Unit filename="src/Queue.cpp" />
		<Unit filename="src/RealCommand.cpp" />
		<Unit filename="src/SelectionSort.cpp" />
		<Unit filename="src/TowerOfHanoi.cpp" />
		<Extensions>
			<code_completion />
			<envvars />
			<debugger />
		</Extensions>
	</Project>
</CodeBlocks_project_file>
